
Microsoft Visual Studio Solution File, Format Version 12.00
# Visual Studio Version 17
VisualStudioVersion = 17.4.33205.214
MinimumVisualStudioVersion = 10.0.40219.1
Project("{FAE04EC0-301F-11D3-BF4B-00C04F79EFBC}") = "WpfApp5", "WpfApp5\WpfApp5.csproj", "{3D14D044-49C2-4A17-9DBA-3213F777558C}"
EndProject
Global
	GlobalSection(SolutionConfigurationPlatforms) = preSolution
		Debug|Any CPU = Debug|Any CPU
		Release|Any CPU = Release|Any CPU
	EndGlobalSection
	GlobalSection(ProjectConfigurationPlatforms) = postSolution
		{3D14D044-49C2-4A17-9DBA-3213F777558C}.Debug|Any CPU.ActiveCfg = Debug|Any CPU
		{3D14D044-49C2-4A17-9DBA-3213F777558C}.Debug|Any CPU.Build.0 = Debug|Any CPU
		{3D14D044-49C2-4A17-9DBA-3213F777558C}.Release|Any CPU.ActiveCfg = Release|Any CPU
		{3D14D044-49C2-4A17-9DBA-3213F777558C}.Release|Any CPU.Build.0 = Release|Any CPU
	EndGlobalSection
	GlobalSection(SolutionProperties) = preSolution
		HideSolutionNode = FALSE
	EndGlobalSection
	GlobalSection(ExtensibilityGlobals) = postSolution
		SolutionGuid = {A83B35B4-B066-40B2-A831-1E0A9A0ABBF7}
	EndGlobalSection
EndGlobal
